
Microsoft Visual Studio Solution File, Format Version 12.00
# Visual Studio Version 17
VisualStudioVersion = 17.7.34018.315
MinimumVisualStudioVersion = 10.0.40219.1
Project("{9A19103F-16F7-4668-BE54-9A1E7A4F7556}") = "CleanCar.Domain", "CleanCar.Domain\CleanCar.Domain.csproj", "{6A88D4D4-2FDB-4E57-A8F8-DEC69318A83E}"
EndProject
Project("{9A19103F-16F7-4668-BE54-9A1E7A4F7556}") = "CleanCar.Application", "CleanCar.Application\CleanCar.Application.csproj", "{AAC8454D-470C-4919-9F2B-2D4AAF0138C5}"
EndProject
Project("{9A19103F-16F7-4668-BE54-9A1E7A4F7556}") = "CleanCar.Infrastructure", "CleanCar.Infrasctrure\CleanCar.Infrastructure.csproj", "{52BF0AB5-34D2-4F9D-90A6-3EC938EB35B8}"
EndProject
Project("{FAE04EC0-301F-11D3-BF4B-00C04F79EFBC}") = "CleanCar.API", "CleanCar.WebAPI\CleanCar.API.csproj", "{32A9A4EF-6EED-4E75-9BDA-92B38384D5B3}"
EndProject
Global
	GlobalSection(SolutionConfigurationPlatforms) = preSolution
		Debug|Any CPU = Debug|Any CPU
		Release|Any CPU = Release|Any CPU
	EndGlobalSection
	GlobalSection(ProjectConfigurationPlatforms) = postSolution
		{6A88D4D4-2FDB-4E57-A8F8-DEC69318A83E}.Debug|Any CPU.ActiveCfg = Debug|Any CPU
		{6A88D4D4-2FDB-4E57-A8F8-DEC69318A83E}.Debug|Any CPU.Build.0 = Debug|Any CPU
		{6A88D4D4-2FDB-4E57-A8F8-DEC69318A83E}.Release|Any CPU.ActiveCfg = Release|Any CPU
		{6A88D4D4-2FDB-4E57-A8F8-DEC69318A83E}.Release|Any CPU.Build.0 = Release|Any CPU
		{AAC8454D-470C-4919-9F2B-2D4AAF0138C5}.Debug|Any CPU.ActiveCfg = Debug|Any CPU
		{AAC8454D-470C-4919-9F2B-2D4AAF0138C5}.Debug|Any CPU.Build.0 = Debug|Any CPU
		{AAC8454D-470C-4919-9F2B-2D4AAF0138C5}.Release|Any CPU.ActiveCfg = Release|Any CPU
		{AAC8454D-470C-4919-9F2B-2D4AAF0138C5}.Release|Any CPU.Build.0 = Release|Any CPU
		{52BF0AB5-34D2-4F9D-90A6-3EC938EB35B8}.Debug|Any CPU.ActiveCfg = Debug|Any CPU
		{52BF0AB5-34D2-4F9D-90A6-3EC938EB35B8}.Debug|Any CPU.Build.0 = Debug|Any CPU
		{52BF0AB5-34D2-4F9D-90A6-3EC938EB35B8}.Release|Any CPU.ActiveCfg = Release|Any CPU
		{52BF0AB5-34D2-4F9D-90A6-3EC938EB35B8}.Release|Any CPU.Build.0 = Release|Any CPU
		{32A9A4EF-6EED-4E75-9BDA-92B38384D5B3}.Debug|Any CPU.ActiveCfg = Debug|Any CPU
		{32A9A4EF-6EED-4E75-9BDA-92B38384D5B3}.Debug|Any CPU.Build.0 = Debug|Any CPU
		{32A9A4EF-6EED-4E75-9BDA-92B38384D5B3}.Release|Any CPU.ActiveCfg = Release|Any CPU
		{32A9A4EF-6EED-4E75-9BDA-92B38384D5B3}.Release|Any CPU.Build.0 = Release|Any CPU
	EndGlobalSection
	GlobalSection(SolutionProperties) = preSolution
		HideSolutionNode = FALSE
	EndGlobalSection
	GlobalSection(ExtensibilityGlobals) = postSolution
		SolutionGuid = {222BF0A2-E7FB-40D6-B880-D23264698C00}
	EndGlobalSection
EndGlobal
